# platform: linux-64
# env_hash: 11ad64616625b3e64bc9d0f450250835fea66c1dcb98088397ec2eb7252dd2ac

@EXPLICIT

https://conda.anaconda.org/conda-forge/linux-64/_libgcc_mutex-0.1-conda_forge.tar.bz2#d7c89558ba9fa0495403155b64376d81
https://conda.anaconda.org/conda-forge/linux-64/ca-certificates-2020.6.20-hecda079_0.tar.bz2#1b1cca86e95c416a8e7eb6062af6d503
https://conda.anaconda.org/conda-forge/linux-64/ld_impl_linux-64-2.35-h769bd43_9.tar.bz2#e91fb361f3d158f06546dc87cbe55739
https://conda.anaconda.org/conda-forge/linux-64/libgfortran4-7.5.0-hae1eefd_17.tar.bz2#884de9e2fea7d1ed349245bedd638793
https://conda.anaconda.org/conda-forge/linux-64/libstdcxx-ng-9.3.0-h2ae2ef3_17.tar.bz2#342f3c931d0a3a209ab09a522469d20c
https://conda.anaconda.org/conda-forge/linux-64/mpi-1.0-mpich.tar.bz2#c1fcff3417b5a22bbc4cf6e8c23648cf
https://conda.anaconda.org/conda-forge/linux-64/pandoc-2.11.0.4-hd18ef5c_0.tar.bz2#cda4f32eaac9672df8b86bc17dd99891
https://conda.anaconda.org/conda-forge/linux-64/libgfortran-ng-7.5.0-hae1eefd_17.tar.bz2#f3eca18e6a8ea6b7e81f4f97ddc6995c
https://conda.anaconda.org/conda-forge/linux-64/libgomp-9.3.0-h5dbcf3e_17.tar.bz2#8fd587013b9da8b52050268d50c12305
https://conda.anaconda.org/conda-forge/linux-64/_openmp_mutex-4.5-1_gnu.tar.bz2#561e277319a41d4f24f5c05a9ef63c04
https://conda.anaconda.org/conda-forge/linux-64/libgcc-ng-9.3.0-h5dbcf3e_17.tar.bz2#fc9f5adabc4d55cd4b491332adc413e0
https://conda.anaconda.org/conda-forge/linux-64/bzip2-1.0.8-h516909a_3.tar.bz2#a05ea3fc1a51cf629bd49b481f729ebd
https://conda.anaconda.org/conda-forge/linux-64/c-ares-1.16.1-h516909a_3.tar.bz2#8d0f54b0a09bb496dea3f8dae0c551e4
https://conda.anaconda.org/conda-forge/linux-64/expat-2.2.9-he1b5a44_2.tar.bz2#285f5b5ca3209d492224935affd00aab
https://conda.anaconda.org/conda-forge/linux-64/geos-3.8.1-he1b5a44_0.tar.bz2#7282fbe0c036bacad959c03c05a7eb9a
https://conda.anaconda.org/conda-forge/linux-64/icu-64.2-he1b5a44_1.tar.bz2#8e881214a23508f1541eb7a3135d6fcb
https://conda.anaconda.org/conda-forge/linux-64/jpeg-9d-h516909a_0.tar.bz2#aa82d2e6e1fa196bf4addd7ebc71a807
https://conda.anaconda.org/conda-forge/linux-64/libev-4.33-h516909a_1.tar.bz2#6f8720dff19e17ce5d48cfe7f3d2f0a3
https://conda.anaconda.org/conda-forge/linux-64/libffi-3.2.1-he1b5a44_1007.tar.bz2#11389072d7d6036fd811c3d9460475cd
https://conda.anaconda.org/conda-forge/linux-64/libiconv-1.16-h516909a_0.tar.bz2#5c0f338a513a2943c659ae619fca9211
https://conda.anaconda.org/conda-forge/linux-64/libopenblas-0.3.12-pthreads_hb3c22a3_1.tar.bz2#602e033fdeeae7a88dd90283aa777a1f
https://conda.anaconda.org/conda-forge/linux-64/libsodium-1.0.18-h516909a_1.tar.bz2#e1ca1a4b82f7b51b29318f80cebae84a
https://conda.anaconda.org/conda-forge/linux-64/libuuid-2.32.1-h14c3975_1000.tar.bz2#39c6326f6ee5297632c47db6520546fe
https://conda.anaconda.org/conda-forge/linux-64/libwebp-base-1.1.0-h516909a_3.tar.bz2#3d543511584978d6e22b6c194ae3b81e
https://conda.anaconda.org/conda-forge/linux-64/lz4-c-1.9.2-he1b5a44_3.tar.bz2#b2e54aad8640e7a877d2280d3ebfe85b
https://conda.anaconda.org/conda-forge/linux-64/mpich-3.3.2-hc856adb_3.tar.bz2#79d1ff0d658cce4fe7a2f2accf31b529
https://conda.anaconda.org/conda-forge/linux-64/ncurses-6.2-he1b5a44_2.tar.bz2#48af29b07d7336037d00cdea3e11775d
https://conda.anaconda.org/conda-forge/linux-64/openssl-1.1.1h-h516909a_0.tar.bz2#3a99e0cb8f325dbf8f616da2d2fb6d4f
https://conda.anaconda.org/conda-forge/linux-64/pcre-8.44-he1b5a44_0.tar.bz2#e647d89cd5cdf62760cf283a001841ff
https://conda.anaconda.org/conda-forge/linux-64/pthread-stubs-0.4-h14c3975_1001.tar.bz2#e0b9987b65bba8016d21f5bdbe0a7923
https://conda.anaconda.org/conda-forge/linux-64/xorg-libxau-1.0.9-h14c3975_0.tar.bz2#ffa7c2b7a2c7dc779ed9e38b10a93c3c
https://conda.anaconda.org/conda-forge/linux-64/xorg-libxdmcp-1.1.3-h516909a_0.tar.bz2#e95a160e60b2a327309a6d323a4d780e
https://conda.anaconda.org/conda-forge/linux-64/xz-5.2.5-h516909a_1.tar.bz2#33f601066901f3e1a85af3522a8113f9
https://conda.anaconda.org/conda-forge/linux-64/yaml-0.2.5-h516909a_0.tar.bz2#03a530e925414902547cf48da7756db8
https://conda.anaconda.org/conda-forge/linux-64/zlib-1.2.11-h516909a_1010.tar.bz2#339cc5584e6d26bc73a875ba900028c3
https://conda.anaconda.org/conda-forge/linux-64/gettext-0.19.8.1-hf34092f_1004.tar.bz2#5582e1349bee4a25705adca745bf6845
https://conda.anaconda.org/conda-forge/linux-64/hdf4-4.2.13-hf30be14_1003.tar.bz2#7f3e92154c3397e085ae1c37eb4975c5
https://conda.anaconda.org/conda-forge/linux-64/libblas-3.9.0-2_openblas.tar.bz2#b0bc5ed57c1e8fbfaf25a2a011e89392
https://conda.anaconda.org/conda-forge/linux-64/libedit-3.1.20191231-he28a2e2_2.tar.bz2#4d331e44109e3f0e19b4cb8f9b82f3e1
https://conda.anaconda.org/conda-forge/linux-64/libllvm10-10.0.1-he513fc3_3.tar.bz2#b1c57947b2a9231e0cd037ab0ed96b5d
https://conda.anaconda.org/conda-forge/linux-64/libnghttp2-1.41.0-h8cfc5f6_2.tar.bz2#726ca0fed4bde95b056ef26df1efaf60
https://conda.anaconda.org/conda-forge/linux-64/libpng-1.6.37-hed695b0_2.tar.bz2#5685fb1f2e761545e9f5ea34411efd98
https://conda.anaconda.org/conda-forge/linux-64/libssh2-1.9.0-hab1572f_5.tar.bz2#18aaa1bd2238ae2b5e89591046973123
https://conda.anaconda.org/conda-forge/linux-64/libxcb-1.13-h14c3975_1002.tar.bz2#ca4eb860b5528d5c6de8d97021d9ef78
https://conda.anaconda.org/conda-forge/linux-64/libxml2-2.9.10-hee79883_0.tar.bz2#0217b0926808b1adf93247bba489d733
https://conda.anaconda.org/conda-forge/linux-64/readline-8.0-he28a2e2_2.tar.bz2#4d0ae8d473f863696088f76800ef9d38
https://conda.anaconda.org/conda-forge/linux-64/tk-8.6.10-hed695b0_1.tar.bz2#7ef837cd455bd0f19f49b8b62d4cb568
https://conda.anaconda.org/conda-forge/linux-64/udunits2-2.2.27.6-h4e0c4b3_1001.tar.bz2#7d25fca3627fed2955d4e33aa16c71d9
https://conda.anaconda.org/conda-forge/linux-64/zeromq-4.3.3-he1b5a44_2.tar.bz2#7079c46e88cff3beae176b346e46a8e5
https://conda.anaconda.org/conda-forge/linux-64/zstd-1.4.5-h6597ccf_2.tar.bz2#d60d50f369d40f9787878cdd866fc9d3
https://conda.anaconda.org/conda-forge/linux-64/freetype-2.10.4-he06d7ca_0.tar.bz2#94a820bb187063f6f762b4b6ed49b4c9
https://conda.anaconda.org/conda-forge/linux-64/krb5-1.17.1-hfafb76e_3.tar.bz2#b9c0993124fbf5f4ccf37fd00d6a3705
https://conda.anaconda.org/conda-forge/linux-64/libcblas-3.9.0-2_openblas.tar.bz2#e842cfe553dd36f59b2770be0b7d3cd2
https://conda.anaconda.org/conda-forge/linux-64/libglib-2.66.2-h0dae87d_0.tar.bz2#088692405616a5521698b05c3a95ece0
https://conda.anaconda.org/conda-forge/linux-64/liblapack-3.9.0-2_openblas.tar.bz2#51be6ef77752c43c1371008a1ed787f1
https://conda.anaconda.org/conda-forge/linux-64/libtiff-4.1.0-hc7e4089_6.tar.bz2#fa73bbe576ceb0c200a232c7956d8661
https://conda.anaconda.org/conda-forge/linux-64/libxslt-1.1.33-h31b3aaa_0.tar.bz2#5118dae8fef84d2b6b2bbd242a0b26d1
https://conda.anaconda.org/conda-forge/linux-64/sqlite-3.33.0-h4cf870e_1.tar.bz2#1968ff6c4b8fbd2903f6672e292d932d
https://conda.anaconda.org/conda-forge/linux-64/fontconfig-2.13.1-h86ecdb6_1001.tar.bz2#51b20857a0d8b2434696f3515a1098d6
https://conda.anaconda.org/conda-forge/linux-64/lcms2-2.11-hbd6801e_0.tar.bz2#92df66bf0087c1275e03edc8ab45a9b8
https://conda.anaconda.org/conda-forge/linux-64/libcurl-7.71.1-hcdd3856_8.tar.bz2#2c81fb9f0d82c04b08617fc73eb615af
https://conda.anaconda.org/conda-forge/linux-64/python-3.7.8-h6f2ec95_1_cpython.tar.bz2#c41fe2a0e510f35d342c3607de631091
https://conda.anaconda.org/conda-forge/noarch/appdirs-1.4.4-pyh9f0ad1d_0.tar.bz2#5f095bc6454094e96f146491fd03633b
https://conda.anaconda.org/conda-forge/noarch/asciitree-0.3.3-py_2.tar.bz2#c0481c9de49f040272556e2cedf42816
https://conda.anaconda.org/conda-forge/noarch/async-timeout-3.0.1-py_1000.tar.bz2#8b11024b2762a07aaa07d2743231a41b
https://conda.anaconda.org/conda-forge/noarch/async_generator-1.10-py_0.tar.bz2#d56c596e61b1c4952acf0a9920856c12
https://conda.anaconda.org/conda-forge/noarch/attrs-20.2.0-pyh9f0ad1d_0.tar.bz2#72fe75fed07fe89d6ef02034bf1e94a5
https://conda.anaconda.org/conda-forge/noarch/backports-1.0-py_2.tar.bz2#0da16b293affa6ac31812376f8eb79dd
https://conda.anaconda.org/conda-forge/noarch/click-7.1.2-pyh9f0ad1d_0.tar.bz2#bd50a970ce07e660c319fdc4d730d3f1
https://conda.anaconda.org/conda-forge/noarch/cloudpickle-1.6.0-py_0.tar.bz2#76d764d8881719e305f6fa368dc2b65e
https://conda.anaconda.org/conda-forge/linux-64/curl-7.71.1-he644dc0_8.tar.bz2#7fadfa44182e1cc0dbbe0c169c0b15cc
https://conda.anaconda.org/conda-forge/noarch/dataclasses-0.7-pyhb2cacf7_7.tar.bz2#3c9869f82e8f246c3f26e91da684597e
https://conda.anaconda.org/conda-forge/noarch/decorator-4.4.2-py_0.tar.bz2#d2eabb9cabd212e1ec6a9463bd846243
https://conda.anaconda.org/conda-forge/noarch/defusedxml-0.6.0-py_0.tar.bz2#37e1033daee0e2edaa5ff42584c52b21
https://conda.anaconda.org/conda-forge/noarch/fastprogress-1.0.0-py_0.tar.bz2#0765c7a36e7ed365cab77858c9fba1b7
https://conda.anaconda.org/conda-forge/noarch/filelock-3.0.12-pyh9f0ad1d_0.tar.bz2#7544ed05bbbe9bb687bc9bcbe4d6cb46
https://conda.anaconda.org/conda-forge/noarch/fsspec-0.8.4-py_0.tar.bz2#9bc8332e90f8a54d38caf488f784bd85
https://conda.anaconda.org/conda-forge/linux-64/glib-2.66.2-he1b5a44_0.tar.bz2#34a5032ad4ea52f5610bced21363a03c
https://conda.anaconda.org/conda-forge/linux-64/hdf5-1.10.6-mpi_mpich_h58e33ef_1010.tar.bz2#9f1316a6c8977f385b322b43e5340fd0
https://conda.anaconda.org/conda-forge/noarch/heapdict-1.0.1-py_0.tar.bz2#77242bfb1e74a627fb06319b5a2d3b95
https://conda.anaconda.org/conda-forge/noarch/idna-2.10-pyh9f0ad1d_0.tar.bz2#f95a12b4f435aae6680fe55ae2eb1b06
https://conda.anaconda.org/conda-forge/noarch/iniconfig-1.1.1-pyh9f0ad1d_0.tar.bz2#39161f81cc5e5ca45b8226fbb06c6905
https://conda.anaconda.org/conda-forge/noarch/ipython_genutils-0.2.0-py_1.tar.bz2#5071c982548b3a20caf70462f04f5287
https://conda.anaconda.org/conda-forge/noarch/json5-0.9.5-pyh9f0ad1d_0.tar.bz2#10759827a94e6b14996e81fb002c0bda
https://conda.anaconda.org/conda-forge/noarch/locket-0.2.0-py_2.tar.bz2#709e8671651c7ec3d1ad07800339ff1d
https://conda.anaconda.org/conda-forge/noarch/monotonic-1.5-py_0.tar.bz2#0cc5fd0140497c3f1e2db2e7493b62b3
https://conda.anaconda.org/conda-forge/noarch/more-itertools-8.5.0-py_0.tar.bz2#3a2fa1ebe4306ae3190b1ed69a55b3fd
https://conda.anaconda.org/conda-forge/noarch/nest-asyncio-1.4.1-py_0.tar.bz2#77f87b25996192b9c98b895acf06c540
https://conda.anaconda.org/conda-forge/noarch/olefile-0.46-pyh9f0ad1d_1.tar.bz2#0b2e68acc8c78c8cc392b90983481f58
https://conda.anaconda.org/conda-forge/noarch/pandocfilters-1.4.2-py_1.tar.bz2#ba6f4a308f1ea22abe1d72e72544af76
https://conda.anaconda.org/conda-forge/noarch/param-1.10.0-py_0.tar.bz2#641dbd5623348d573d67a8bfd43236e0
https://conda.anaconda.org/conda-forge/noarch/pathspec-0.8.0-pyh9f0ad1d_0.tar.bz2#8eeecbb67554f588ba70bea7018bc1c0
https://conda.anaconda.org/conda-forge/noarch/pickleshare-0.7.5-py_1003.tar.bz2#415f0ebb6198cc2801c73438a9fb5761
https://conda.anaconda.org/conda-forge/linux-64/proj-7.1.1-h966b41f_3.tar.bz2#efb5863ec167964c9fe01b2a12f2c417
https://conda.anaconda.org/conda-forge/noarch/prometheus_client-0.8.0-pyh9f0ad1d_0.tar.bz2#0409863e03d2abb75d9b91b903697ed0
https://conda.anaconda.org/conda-forge/noarch/ptyprocess-0.6.0-py_1001.tar.bz2#0c3a56f1ab48cfb002c69b48f9e1ddc6
https://conda.anaconda.org/conda-forge/noarch/py-1.9.0-pyh9f0ad1d_0.tar.bz2#82beb69c4e05d65702bbde3c63d6ef58
https://conda.anaconda.org/conda-forge/noarch/pycparser-2.20-pyh9f0ad1d_2.tar.bz2#aa798d50ffd182a0f6f31478c7f434f6
https://conda.anaconda.org/conda-forge/noarch/pyparsing-2.4.7-pyh9f0ad1d_0.tar.bz2#626c4f20d5bf06dcec9cf2eaa31725c7
https://conda.anaconda.org/conda-forge/noarch/pyshp-2.1.2-pyh9f0ad1d_0.tar.bz2#3362c351288584f00000c3ce31b5bbdf
https://conda.anaconda.org/conda-forge/linux-64/python_abi-3.7-1_cp37m.tar.bz2#658a5c3d766bfc6574480204b10a6f20
https://conda.anaconda.org/conda-forge/noarch/pytz-2020.1-pyh9f0ad1d_0.tar.bz2#e52abc1f0fd70e05001c1ceb2696f625
https://conda.anaconda.org/conda-forge/noarch/send2trash-1.5.0-py_0.tar.bz2#c3779037a635e1150f1c53c28b875949
https://conda.anaconda.org/conda-forge/noarch/simpervisor-0.3-py_1.tar.bz2#fe08b77a681a541161b2b42fbd78d117
https://conda.anaconda.org/conda-forge/noarch/simplegeneric-0.8.1-py_1.tar.bz2#a561caf8601e8d85547c77a54ee99333
https://repo.anaconda.com/pkgs/main/linux-64/sip-4.19.8-py37hf484d3e_0.conda#a41603290a87146546d40828e3a3848d
https://conda.anaconda.org/conda-forge/noarch/six-1.15.0-pyh9f0ad1d_0.tar.bz2#1eec421f0f1f39e579e44e4a5ce646a2
https://conda.anaconda.org/conda-forge/noarch/sortedcontainers-2.2.2-pyh9f0ad1d_0.tar.bz2#966cf410576873c60089e242b9d2fcc6
https://conda.anaconda.org/conda-forge/noarch/tblib-1.6.0-py_0.tar.bz2#0e1562c39e804e0d7df8650626379caa
https://conda.anaconda.org/conda-forge/noarch/testpath-0.4.4-py_0.tar.bz2#3b98fff4d5342bebde2ecaa314f796f9
https://conda.anaconda.org/conda-forge/noarch/toml-0.10.1-pyh9f0ad1d_0.tar.bz2#ca47d0ef822fd23b7ec9771a36645e5e
https://conda.anaconda.org/conda-forge/noarch/toolz-0.11.1-py_0.tar.bz2#d1e66b58cb00b3817ad9f05eec098c00
https://conda.anaconda.org/conda-forge/noarch/tqdm-4.51.0-pyh9f0ad1d_0.tar.bz2#6addf2dbf38f44da871076fa58f9e815
https://conda.anaconda.org/conda-forge/linux-64/typed-ast-1.4.1-py37h516909a_0.tar.bz2#8ce1dc4eaf70204b3a3544f52a5939f8
https://conda.anaconda.org/conda-forge/noarch/typing_extensions-3.7.4.3-py_0.tar.bz2#12b96e382730541a4b332420227055ae
https://conda.anaconda.org/conda-forge/noarch/webencodings-0.5.1-py_1.tar.bz2#3563be4c5611a44210d9ba0c16113136
https://conda.anaconda.org/conda-forge/noarch/wheel-0.35.1-pyh9f0ad1d_0.tar.bz2#126827869be32f21872a2b30ebe2b038
https://conda.anaconda.org/conda-forge/noarch/zipp-3.4.0-py_0.tar.bz2#0df927d2e46244cef8fd75d7ec2ba51c
https://conda.anaconda.org/conda-forge/linux-64/certifi-2020.6.20-py37he5f6b98_2.tar.bz2#bf60e031ea1cdb01d932186bf43ad910
https://conda.anaconda.org/conda-forge/linux-64/cffi-1.14.3-py37h00ebd2e_1.tar.bz2#61085a2b52d6cc283e2f93b814d541f1
https://conda.anaconda.org/conda-forge/linux-64/chardet-3.0.4-py37he5f6b98_1008.tar.bz2#2f4cf1309df625c3eb0314a170fb9593
https://conda.anaconda.org/conda-forge/noarch/cycler-0.10.0-py_2.tar.bz2#f6d7c7e6d8f42cbbec7e07a8d879f91c
https://conda.anaconda.org/conda-forge/linux-64/cytoolz-0.11.0-py37h8f50634_1.tar.bz2#9c90a6e6e9201b9e1fba7f822b829b20
https://conda.anaconda.org/conda-forge/linux-64/dbus-1.13.6-h7a60e0d_1.tar.bz2#9365c38ec39bdbc6c897198cbedc1c43
https://conda.anaconda.org/conda-forge/noarch/docrep-0.2.7-py_0.tar.bz2#7a8411a58c16dffe32424251e62e3149
https://conda.anaconda.org/conda-forge/linux-64/entrypoints-0.3-py37hc8dfbb8_1002.tar.bz2#1d8fad3ab1118f88aada03a56efa93d8
https://conda.anaconda.org/conda-forge/noarch/fasteners-0.14.1-py_3.tar.bz2#8af0bf3cfe806fb001d9923b4fe1594b
https://conda.anaconda.org/conda-forge/linux-64/future-0.18.2-py37hc8dfbb8_2.tar.bz2#8e05c8022cb9bdb37839f3a1229794cf
https://conda.anaconda.org/conda-forge/linux-64/gstreamer-1.14.5-h36ae1b5_2.tar.bz2#00084ab2657be5bf0ba0757ccde797ef
https://conda.anaconda.org/conda-forge/noarch/importlib-metadata-2.0.0-py_1.tar.bz2#9061524478034b761f355a42bd9a7e3d
https://conda.anaconda.org/conda-forge/linux-64/kiwisolver-1.3.0-py37h99015e2_0.tar.bz2#a7ad8cd3ad3cfc6333ab7e6f429f60ee
https://conda.anaconda.org/conda-forge/linux-64/libnetcdf-4.7.4-mpi_mpich_h2f92d0d_6.tar.bz2#17ff167e7656b139f7d48f5317099f43
https://conda.anaconda.org/conda-forge/linux-64/llvmlite-0.34.0-py37h5202443_2.tar.bz2#ffd42a4177ce7bf4f680d70dad708ba3
https://conda.anaconda.org/conda-forge/linux-64/lxml-4.6.1-py37he3881c9_0.tar.bz2#84ce824dd552808662f3c18ff7239cc1
https://conda.anaconda.org/conda-forge/linux-64/markupsafe-1.1.1-py37hb5d75c8_2.tar.bz2#31e6e17a00c0a624765a4ef79344359c
https://conda.anaconda.org/conda-forge/linux-64/mistune-0.8.4-py37h8f50634_1002.tar.bz2#05ce8ca431199644e35b92c5a4b5e6fd
https://conda.anaconda.org/conda-forge/linux-64/mpi4py-3.0.3-py37h0c5ec45_2.tar.bz2#8fb7947d4394e15dc25fda812f6a1c82
https://conda.anaconda.org/conda-forge/linux-64/msgpack-python-1.0.0-py37h99015e2_2.tar.bz2#b9648b6189aceb217320e677c56637d5
https://conda.anaconda.org/conda-forge/linux-64/multidict-4.7.5-py37h8f50634_2.tar.bz2#c1b9b22156ca30d0059e3908fb678432
https://conda.anaconda.org/conda-forge/linux-64/mypy_extensions-0.4.3-py37hc8dfbb8_2.tar.bz2#e763163cf8121e7d86ddb49ce5683b3f
https://conda.anaconda.org/conda-forge/linux-64/numpy-1.19.2-py37h7008fea_1.tar.bz2#a9a5fae03d53729d6c40e6e77a5f8f01
https://conda.anaconda.org/conda-forge/noarch/packaging-20.4-pyh9f0ad1d_0.tar.bz2#6d160f7346ac815500b5475d9a0f88a9
https://conda.anaconda.org/conda-forge/noarch/partd-1.1.0-py_0.tar.bz2#4afbf2cdf4e6ad279080d3adb5cefaae
https://conda.anaconda.org/conda-forge/noarch/pexpect-4.8.0-pyh9f0ad1d_2.tar.bz2#5909e7b978141dd80d28dbf9de627827
https://conda.anaconda.org/conda-forge/linux-64/pillow-8.0.1-py37h718be6c_0.tar.bz2#17ced4c50ff8b7cb9957fccabb3571a3
https://conda.anaconda.org/conda-forge/linux-64/psutil-5.7.3-py37hb5d75c8_0.tar.bz2#b948c27cd9a2bdcf163673432030238e
https://conda.anaconda.org/conda-forge/noarch/pyct-core-0.4.6-py_0.tar.bz2#55ec526f95e0959de3f68bc6289a20da
https://conda.anaconda.org/conda-forge/linux-64/pyproj-2.6.1.post1-py37h6415a23_3.tar.bz2#4b275f26d95fca04ee08a73ecd565fd6
https://conda.anaconda.org/conda-forge/linux-64/pyrsistent-0.17.3-py37h8f50634_1.tar.bz2#d4589f9c03a6f83a0bde325bf2bfc590
https://conda.anaconda.org/conda-forge/linux-64/pysocks-1.7.1-py37he5f6b98_2.tar.bz2#a16ee1f98f2ab617eb31c835eaab8b81
https://conda.anaconda.org/conda-forge/noarch/python-dateutil-2.8.1-py_0.tar.bz2#0d0150ed9c2d25817f5324108d3f7571
https://conda.anaconda.org/conda-forge/noarch/pyviz_comms-0.7.6-pyh9f0ad1d_0.tar.bz2#16fc2f91123d2b040c4e101ec47c8660
https://conda.anaconda.org/conda-forge/linux-64/pyyaml-5.3.1-py37hb5d75c8_1.tar.bz2#5bf564affe9307fc08373b5a84d31c78
https://conda.anaconda.org/conda-forge/linux-64/pyzmq-19.0.2-py37hac76be4_2.tar.bz2#eaa952aff4f3b98c4e4dc5a7c2fd5226
https://conda.anaconda.org/conda-forge/linux-64/regex-2020.10.23-py37h8f50634_0.tar.bz2#eb6fd4c72e79ae69b54a884d6e4937be
https://conda.anaconda.org/conda-forge/linux-64/tornado-6.0.4-py37h8f50634_2.tar.bz2#1e3e6b9f4d611a38eb6c078c185ad40d
https://conda.anaconda.org/conda-forge/noarch/traitlets-5.0.5-py_0.tar.bz2#99618ee9ab1323e40f231acdab92fe60
https://conda.anaconda.org/conda-forge/noarch/typing-extensions-3.7.4.3-0.tar.bz2#36bdcdb4c2bf1efb987f2e9e80f4c9a6
https://conda.anaconda.org/conda-forge/noarch/zict-2.0.0-py_0.tar.bz2#4750152be22f24d695b3004c5e1712d3
https://conda.anaconda.org/conda-forge/linux-64/argon2-cffi-20.1.0-py37h8f50634_2.tar.bz2#30271d71ba53ca4d56d0bfcbb4944b75
https://conda.anaconda.org/conda-forge/noarch/black-20.8b1-py_1.tar.bz2#e555d6b71ec916c3dc4e6e3793cc9796
https://conda.anaconda.org/conda-forge/linux-64/bottleneck-1.3.2-py37h161383b_2.tar.bz2#a0e5712ec64526944e09d32eedb392c3
https://conda.anaconda.org/conda-forge/linux-64/brotlipy-0.7.0-py37hb5d75c8_1001.tar.bz2#1e60063ddc9de28cb48bddb48bdc1395
https://conda.anaconda.org/conda-forge/linux-64/cftime-1.2.1-py37h161383b_1.tar.bz2#314ca8b00ed742f8c46a6cc68d84d90f
https://conda.anaconda.org/conda-forge/noarch/colorspacious-1.1.2-pyh24bf2e0_0.tar.bz2#b73afa0d009a51cabd3ec99c4d2ef4f3
https://conda.anaconda.org/conda-forge/linux-64/cryptography-3.2-py37hff6837a_0.tar.bz2#d34ea36396a25da1650c2976a349b05f
https://conda.anaconda.org/conda-forge/noarch/dask-core-2.30.0-py_0.tar.bz2#64d3972a069d9885b2fbfb2485934c30
https://conda.anaconda.org/conda-forge/noarch/eofs-1.4.0-py_0.tar.bz2#6e166cd37cfeadefcfca1ffe00f222bb
https://conda.anaconda.org/conda-forge/linux-64/gst-plugins-base-1.14.5-h0935bb2_2.tar.bz2#eb125ee86480e00a4a1ed45a577c3311
https://conda.anaconda.org/conda-forge/noarch/importlib_metadata-2.0.0-1.tar.bz2#1e40de9b76f9eb789d302de58bfe7674
https://conda.anaconda.org/conda-forge/linux-64/jupyter_core-4.6.3-py37hc8dfbb8_2.tar.bz2#6f466ba13cf6444d8f55eed4070e0037
https://conda.anaconda.org/conda-forge/noarch/markdown-3.3.3-pyh9f0ad1d_0.tar.bz2#59bb2a2c29091c3a243701e26f6f1f5e
https://conda.anaconda.org/conda-forge/linux-64/netcdf-fortran-4.5.3-mpi_mpich_h3923e1a_1.tar.bz2#ef827b1adb5d4b21d474399b7ce33a63
https://conda.anaconda.org/conda-forge/linux-64/numcodecs-0.7.2-py37h3340039_1.tar.bz2#f442dcbb7018a08fad4128753bb03a4d
https://conda.anaconda.org/conda-forge/linux-64/pandas-1.1.3-py37hb33c840_2.tar.bz2#53ab5c17c023f01ff00538448f9cd025
https://conda.anaconda.org/conda-forge/linux-64/scipy-1.5.2-py37hf97831b_2.tar.bz2#71dc47b22edb397dc6f8467d90d3477d
https://conda.anaconda.org/conda-forge/noarch/seawater-3.3.4-py_1.tar.bz2#a9e101e1601faf5e5a119ab2bd7617a4
https://conda.anaconda.org/conda-forge/linux-64/setuptools-49.6.0-py37he5f6b98_2.tar.bz2#eeae6a29001871a6a30de45b910e0d72
https://conda.anaconda.org/conda-forge/linux-64/shapely-1.7.1-py37hedb1597_1.tar.bz2#1e62a53176ff09b3b3c855a973968998
https://conda.anaconda.org/conda-forge/linux-64/terminado-0.9.1-py37hc8dfbb8_1.tar.bz2#4e9457184f465412e7e3f9262ee99a46
https://conda.anaconda.org/conda-forge/linux-64/yarl-1.6.2-py37h8f50634_0.tar.bz2#1f0628812124894fe16bf5f605938aa4
https://conda.anaconda.org/conda-forge/linux-64/aiohttp-3.7.2-py37h8f50634_0.tar.bz2#a3d6dcf61ee9b9b30901010535353bbf
https://conda.anaconda.org/conda-forge/noarch/backports.functools_lru_cache-1.6.1-py_0.tar.bz2#d36df15eaef96549ce6231e3088fba54
https://conda.anaconda.org/conda-forge/noarch/bleach-3.2.1-pyh9f0ad1d_0.tar.bz2#d4506316b85679972c0b78d4d1c0b701
https://conda.anaconda.org/conda-forge/linux-64/cartopy-0.18.0-py37h2621adb_4.tar.bz2#24599ecb01094bf59bec57cb1a5bffeb
https://conda.anaconda.org/conda-forge/linux-64/cf_units-2.0.1-py37h3010b51_1002.tar.bz2#29596b9b3862efd8db7c741609c77dc2
https://conda.anaconda.org/conda-forge/linux-64/distributed-2.30.0-py37hc8dfbb8_1.tar.bz2#4e7a0bdb92b479b9821bb3900592a718
https://conda.anaconda.org/conda-forge/linux-64/esmf-8.0.1-mpi_mpich_h213fab7_101.tar.bz2#3b21fe9dc3b3816f7cad60c82c76649f
https://conda.anaconda.org/conda-forge/linux-64/importlib_resources-3.2.1-py37hc8dfbb8_0.tar.bz2#115623acb4767101d6057e50759df4b1
https://conda.anaconda.org/conda-forge/noarch/jinja2-2.11.2-pyh9f0ad1d_0.tar.bz2#e8a5d614d1a27bdba00059ca062a0551
https://conda.anaconda.org/conda-forge/noarch/jsonschema-3.2.0-py_2.tar.bz2#a17aa962de6145d08e1008cb37c20161
https://conda.anaconda.org/conda-forge/noarch/jupyter_client-6.1.7-py_0.tar.bz2#bcaa486602c05413da0808b82898f60a
https://conda.anaconda.org/conda-forge/linux-64/matplotlib-base-3.3.2-py37hc9afd2a_1.tar.bz2#a032b1b25cdcdb89e46a674ba8b77251
https://conda.anaconda.org/conda-forge/linux-64/netcdf4-1.5.4-nompi_py37hcbfd489_103.tar.bz2#5c297e433cc59558f6c298fc04318f20
https://conda.anaconda.org/conda-forge/linux-64/numba-0.51.2-py37h9fdb41a_0.tar.bz2#51059345312bd41aa6e0ec4f45462229
https://conda.anaconda.org/conda-forge/noarch/patsy-0.5.1-py_0.tar.bz2#d971df2dcd1a453daabecec0ef76e88a
https://conda.anaconda.org/conda-forge/noarch/pip-20.2.4-py_0.tar.bz2#d2c0e7b7ca15440dc445e725f1e79ccf
https://conda.anaconda.org/conda-forge/linux-64/pluggy-0.13.1-py37he5f6b98_3.tar.bz2#470de6721755ed67beb4755f9bc76043
https://conda.anaconda.org/conda-forge/noarch/pygments-2.7.2-py_0.tar.bz2#ed1bdce2d0c4353ad0bc22310e271723
https://conda.anaconda.org/conda-forge/noarch/pyopenssl-19.1.0-py_1.tar.bz2#ef3d970a6de9bc902d233e59f746b7cd
https://conda.anaconda.org/conda-forge/linux-64/qt-5.9.7-h0c104cb_3.tar.bz2#816296557f35ba9c8d1a1029ecc65e07
https://conda.anaconda.org/conda-forge/noarch/xarray-0.16.1-py_0.tar.bz2#5213ecafde4951d426a9284f6c33c698
https://conda.anaconda.org/conda-forge/noarch/zarr-2.5.0-py_0.tar.bz2#d9a8a27a7bee163880eb2f9b81ac0c44
https://conda.anaconda.org/conda-forge/linux-64/bokeh-2.2.3-py37hc8dfbb8_0.tar.bz2#643c6336c2d862eae9fb1a9502eaa8da
https://conda.anaconda.org/conda-forge/noarch/cmocean-2.0-py_3.tar.bz2#10f08c3aa77dc4080ebc1c03cb542f70
https://conda.anaconda.org/conda-forge/noarch/dask-jobqueue-0.7.1-py_0.tar.bz2#157ae83b26ba34fc1437d14c039cb832
https://conda.anaconda.org/conda-forge/linux-64/dask-mpi-2.21.0-py37h47761d7_1.tar.bz2#e9993446b5ce39e37f54333a031e96e7
https://conda.anaconda.org/conda-forge/linux-64/esmpy-8.0.1-mpi_mpich_py37ha4619bd_102.tar.bz2#4536155174b36bd1d6a03d9c9f751697
https://conda.anaconda.org/conda-forge/noarch/jupyterlab_pygments-0.1.2-pyh9f0ad1d_0.tar.bz2#2cbd910890bb328e8959246a1e16fac7
https://conda.anaconda.org/conda-forge/noarch/nbformat-5.0.8-py_0.tar.bz2#12aaf0d8795a5c375757b49a08e011a2
https://conda.anaconda.org/conda-forge/noarch/nc-time-axis-1.2.0-py_1.tar.bz2#f3158a5d335f0f44f09cf05d3fb4107e
https://conda.anaconda.org/conda-forge/noarch/pint-0.16.1-py_0.tar.bz2#3a147e648229168687fa22d309faa6fb
https://conda.anaconda.org/conda-forge/linux-64/pyqt-5.9.2-py37hcca6a23_4.tar.bz2#34034dd1d12bbfc07a6f5df12fb87264
https://conda.anaconda.org/conda-forge/linux-64/pytest-6.1.1-py37he5f6b98_1.tar.bz2#703f900dc22dfc7cbf6edb19d25e6a8d
https://conda.anaconda.org/conda-forge/noarch/seaborn-base-0.11.0-py_0.tar.bz2#49d2e870eeae76ba1e0adde82cb17174
https://conda.anaconda.org/conda-forge/linux-64/statsmodels-0.12.0-py37h161383b_1.tar.bz2#ccc325858a0e1ff6fa3ec897afa84b7e
https://conda.anaconda.org/conda-forge/noarch/urllib3-1.25.11-py_0.tar.bz2#4ce0599839b2b4418befe201e5f072fc
https://conda.anaconda.org/conda-forge/noarch/wcwidth-0.2.5-pyh9f0ad1d_2.tar.bz2#5266fcd697043c59621fda522b3d78ee
https://conda.anaconda.org/conda-forge/noarch/dask-2.30.0-py_0.tar.bz2#4c8b8bec2dfac1beec0159c1979d6666
https://conda.anaconda.org/conda-forge/linux-64/matplotlib-3.3.2-py37hc8dfbb8_1.tar.bz2#121f1495cb9f047a69b1017778e0c10c
https://conda.anaconda.org/conda-forge/noarch/nbclient-0.5.1-py_0.tar.bz2#4efba375c50e6668cb5778e36d1f3a7e
https://conda.anaconda.org/conda-forge/noarch/prompt_toolkit-1.0.15-py_1.tar.bz2#f5bea0930b268df84653cb32c8d1542f
https://conda.anaconda.org/conda-forge/noarch/requests-2.24.0-pyh9f0ad1d_0.tar.bz2#786ef230ca5cf2536e9dee910fdf4f9f
https://conda.anaconda.org/conda-forge/linux-64/seaborn-0.11.0-0.tar.bz2#098506cece4c8ea3797bb26946597b74
https://conda.anaconda.org/conda-forge/noarch/xesmf-0.3.0-py_0.tar.bz2#467fce81308d531483e8b8206d8f9f67
https://conda.anaconda.org/conda-forge/noarch/ensureconda-1.2.1-py_0.tar.bz2#5a9e2f51daccf6b445e4d2df345033c4
https://conda.anaconda.org/conda-forge/noarch/intake-0.6.0-py_0.tar.bz2#1043778f4cd11dda4e7df45edfd12154
https://conda.anaconda.org/conda-forge/linux-64/ipython-5.8.0-py37_1.tar.bz2#953f75baf7df2e9a77e26e4e07ae05eb
https://conda.anaconda.org/conda-forge/linux-64/nbconvert-6.0.7-py37hc8dfbb8_2.tar.bz2#62f4d8a67169d4a1c26b12cb94fd9c82
https://conda.anaconda.org/conda-forge/noarch/pooch-1.2.0-py_0.tar.bz2#bcd9403c19cf7c8b8b0874856aa8fa38
https://conda.anaconda.org/conda-forge/noarch/pyct-0.4.6-py_0.tar.bz2#42d91c89bc3993ec88681cffd3c0e326
https://conda.anaconda.org/conda-forge/noarch/xgcm-0.5.1-py_0.tar.bz2#935f4608a93c5bf80d9c33810ef40aa0
https://conda.anaconda.org/conda-forge/noarch/xhistogram-0.1.1-py_0.tar.bz2#014c84ba10debba421f42ac55006bab8
https://conda.anaconda.org/conda-forge/noarch/xrft-0.2.2-pyh9f0ad1d_0.tar.bz2#8aecf1d99b3335aecd6eb6b8e7169da1
https://conda.anaconda.org/conda-forge/noarch/conda-lock-0.7.2-py_0.tar.bz2#da44fc6dc40fb329b7397bf0494b1411
https://conda.anaconda.org/conda-forge/noarch/intake-esm-2020.8.15-py_0.tar.bz2#f885b9357a5428d1ef0d1129b30ac030
https://conda.anaconda.org/conda-forge/linux-64/ipykernel-5.3.4-py37hc6149b9_1.tar.bz2#d5d67efec5a81ae86543d76bac7d20a5
https://conda.anaconda.org/conda-forge/noarch/metpy-0.12.2-py_0.tar.bz2#21aab048b1bd2be3bab1012465b7b96d
https://conda.anaconda.org/conda-forge/noarch/panel-0.10.0-py_0.tar.bz2#75b25f0347a90e54b243391bc22898a3
https://conda.anaconda.org/conda-forge/noarch/pop-tools-2020.9.14-py_0.tar.bz2#ec77319b08716ee5a313abc3c08c1631
https://conda.anaconda.org/conda-forge/noarch/watermark-2.0.2-py_0.tar.bz2#7ad4aebfdd47d931d7f987266abca97b
https://conda.anaconda.org/conda-forge/linux-64/notebook-6.1.4-py37hc8dfbb8_1.tar.bz2#e98267d816bf47045866b3b97bc1ac54
https://conda.anaconda.org/conda-forge/noarch/holoviews-1.13.5-pyh9f0ad1d_0.tar.bz2#1167a52eb5ddc11c4be940e83541583a
https://conda.anaconda.org/conda-forge/noarch/jupyter-server-proxy-1.5.0-py_0.tar.bz2#a268439d8b60aac7c506dd170fa48f88
https://conda.anaconda.org/conda-forge/noarch/jupyter_contrib_core-0.3.3-py_2.tar.bz2#4704781b0a914d67e4ae8e9f9f5c37a0
https://conda.anaconda.org/conda-forge/noarch/jupyterlab_server-1.2.0-py_0.tar.bz2#77d654573f19a836b326fb77ffd86860
https://conda.anaconda.org/conda-forge/linux-64/jupyter_highlight_selected_word-0.2.0-py37hc8dfbb8_1002.tar.bz2#ad5835a823d70146904f7286a39112ec
https://conda.anaconda.org/conda-forge/linux-64/jupyter_latex_envs-1.4.6-py37hc8dfbb8_1001.tar.bz2#f16c36d0f6fbe6aa0a4fd7d0f486e4f2
https://conda.anaconda.org/conda-forge/linux-64/jupyter_nbextensions_configurator-0.4.1-py37hc8dfbb8_2.tar.bz2#de890274df9ab7a5b303b06a3727481f
https://conda.anaconda.org/conda-forge/noarch/jupyterlab-2.2.9-py_0.tar.bz2#df79e7a98be406acd32606d5bf7f8f52
https://conda.anaconda.org/conda-forge/linux-64/jupyter_contrib_nbextensions-0.5.1-py37hc8dfbb8_1.tar.bz2#a672452a4fb16614e5f25e6dc490575c
