# platform: osx-64
# env_hash: f2378086a6bffa34d71098d3a4c57475abd9de41f4117d3fa298d8116dc50791

@EXPLICIT

https://conda.anaconda.org/conda-forge/osx-64/bzip2-1.0.8-haf1e3a3_3.tar.bz2#caf888e9502062a4d17e811871b44637
https://conda.anaconda.org/conda-forge/osx-64/c-ares-1.16.1-haf1e3a3_3.tar.bz2#3877b8f8cff6264b09904a8b470aed9c
https://conda.anaconda.org/conda-forge/osx-64/ca-certificates-2020.6.20-hecda079_0.tar.bz2#7933a42d363f3e88f239384ff68252db
https://conda.anaconda.org/conda-forge/osx-64/jpeg-9d-h0b31af3_0.tar.bz2#0b52142a252948fc97483547a288e1d8
https://conda.anaconda.org/conda-forge/osx-64/libcxx-11.0.0-h439d374_0.tar.bz2#5c211134456f5066c888d16875872672
https://conda.anaconda.org/conda-forge/osx-64/libev-4.33-haf1e3a3_1.tar.bz2#79dc2be110b2a3d1e97ec21f691c50ad
https://conda.anaconda.org/conda-forge/osx-64/libiconv-1.16-haf1e3a3_0.tar.bz2#c5fab167412a52e491c8e11453ae016f
https://conda.anaconda.org/conda-forge/osx-64/libsodium-1.0.18-haf1e3a3_1.tar.bz2#5e9bb109eb99ae09de21939e646f0b05
https://conda.anaconda.org/conda-forge/osx-64/libwebp-base-1.1.0-h0b31af3_3.tar.bz2#1ebb8a84b32629ae159fe2af2e3011ea
https://conda.anaconda.org/conda-forge/osx-64/llvm-openmp-11.0.0-h73239a0_1.tar.bz2#40126f3a0c6b2a0fba13214e6ff90ff9
https://conda.anaconda.org/conda-forge/osx-64/mpi-1.0-mpich.tar.bz2#7316a634ed27146b42d28433ec3bc227
https://conda.anaconda.org/conda-forge/osx-64/ncurses-6.2-hb1e8313_2.tar.bz2#811e491e6b830b276cf7faec5a6fdca7
https://conda.anaconda.org/conda-forge/osx-64/pandoc-2.11.0.4-h22f3db7_0.tar.bz2#738d93e4843a0ff3ded9c606a1dfae48
https://conda.anaconda.org/conda-forge/osx-64/xz-5.2.5-haf1e3a3_1.tar.bz2#41116deb499e9bc58048c297d6403ce6
https://conda.anaconda.org/conda-forge/osx-64/yaml-0.2.5-haf1e3a3_0.tar.bz2#84c2fc186995c25a43e86ed708065572
https://conda.anaconda.org/conda-forge/osx-64/zlib-1.2.11-h7795811_1010.tar.bz2#7d39e47e16ed0107f37c7224d5b5be8b
https://conda.anaconda.org/conda-forge/osx-64/expat-2.2.9-hb1e8313_2.tar.bz2#5674668524163888bba8f8c04223c323
https://conda.anaconda.org/conda-forge/osx-64/geos-3.8.1-h4a8c4bd_0.tar.bz2#b0590b5a8d2d488d469ab4cb343606ac
https://conda.anaconda.org/conda-forge/osx-64/hdf4-4.2.13-h84186c3_1003.tar.bz2#c853dc1f6491ab6a523c6127b959bd07
https://conda.anaconda.org/conda-forge/osx-64/icu-67.1-hb1e8313_0.tar.bz2#7ee9c0ceb94bf007b86e1564626e1ca0
https://conda.anaconda.org/conda-forge/osx-64/libedit-3.1.20191231-h0678c8f_2.tar.bz2#6016a8a1d0e63cac3de2c352cd40208b
https://conda.anaconda.org/conda-forge/osx-64/libffi-3.2.1-hb1e8313_1007.tar.bz2#be8b6ba3b6710a89ab891bbed151659c
https://conda.anaconda.org/conda-forge/osx-64/libgfortran4-7.5.0-h50e675f_13.tar.bz2#f100fc5b0bd1178f35f0d99085b29693
https://conda.anaconda.org/conda-forge/osx-64/libllvm10-10.0.1-h009f743_3.tar.bz2#cc65eb0b26253d2789320bfd661852f9
https://conda.anaconda.org/conda-forge/osx-64/libpng-1.6.37-hb0a8c7a_2.tar.bz2#152469e831f8558f76c63e841b934f87
https://conda.anaconda.org/conda-forge/osx-64/lz4-c-1.9.2-hb1e8313_3.tar.bz2#7737f6db9eb5e572d22b88b667d1f3f9
https://conda.anaconda.org/conda-forge/osx-64/openssl-1.1.1h-haf1e3a3_0.tar.bz2#6be73e185e6a92a29571dd9a2dfb5251
https://conda.anaconda.org/conda-forge/osx-64/readline-8.0-h0678c8f_2.tar.bz2#8f69d684fce8e73328995d7efb77816a
https://conda.anaconda.org/conda-forge/osx-64/tk-8.6.10-hb0a8c7a_1.tar.bz2#f7477bf81dcfc7b4dddc7b3790a99a0c
https://conda.anaconda.org/conda-forge/osx-64/zeromq-4.3.3-hb1e8313_2.tar.bz2#a50e2c667b27a40876c927c440456eea
https://conda.anaconda.org/conda-forge/osx-64/freetype-2.10.4-ha233b18_0.tar.bz2#07a48a7d4d8c5a44edd6c94d2bb0b383
https://conda.anaconda.org/conda-forge/osx-64/krb5-1.17.1-h75d18d8_3.tar.bz2#a2e242f395cb1226eaf4cc8eaacf5526
https://conda.anaconda.org/conda-forge/osx-64/libgfortran-4.0.0-h50e675f_13.tar.bz2#828221e76da1e065151def5fb1905781
https://conda.anaconda.org/conda-forge/osx-64/libnghttp2-1.41.0-h7580e61_2.tar.bz2#1731a2e73e2d68d455a1b8b8de0265dc
https://conda.anaconda.org/conda-forge/osx-64/libssh2-1.9.0-h8a08a2b_5.tar.bz2#2e0e86262d3c9a11230ab55fc0468e49
https://conda.anaconda.org/conda-forge/osx-64/libxml2-2.9.10-h2c6e4a5_2.tar.bz2#6fea0e9bafd6df7276490c5b4178f59c
https://conda.anaconda.org/conda-forge/osx-64/sqlite-3.33.0-h960bd1c_1.tar.bz2#d86a1d10a189d4c000a61971110f4f55
https://conda.anaconda.org/conda-forge/osx-64/udunits2-2.2.27.6-h776b7f1_1001.tar.bz2#8b5fbb39c3f2c8e8ee15b9a24e054cdc
https://conda.anaconda.org/conda-forge/osx-64/zstd-1.4.5-h289c70a_2.tar.bz2#53cfeb429a4e0157b32ca4b52f488965
https://conda.anaconda.org/conda-forge/osx-64/libcurl-7.71.1-h9bf37e3_8.tar.bz2#1a136204085b4c620fe2ed74fb1112bf
https://conda.anaconda.org/conda-forge/osx-64/libopenblas-0.3.12-openmp_h63d9170_1.tar.bz2#eef885eb44a8d6e11edfa18cb5d024dc
https://conda.anaconda.org/conda-forge/osx-64/libtiff-4.1.0-h2ae36a8_6.tar.bz2#37552f9d87ae31dcf99a593684cf8cfb
https://conda.anaconda.org/conda-forge/osx-64/libxslt-1.1.33-h29b7fa6_1.tar.bz2#178b61be6042aa61233ccd5cd82b8322
https://conda.anaconda.org/conda-forge/osx-64/mpich-3.3.2-hc856adb_3.tar.bz2#f0f6e342e84648098805351b789d4417
https://conda.anaconda.org/conda-forge/osx-64/python-3.7.8-hc9dea61_1_cpython.tar.bz2#46fe9ea04f7e863da2588ad41d2f65ad
https://conda.anaconda.org/conda-forge/noarch/appdirs-1.4.4-pyh9f0ad1d_0.tar.bz2#5f095bc6454094e96f146491fd03633b
https://conda.anaconda.org/conda-forge/noarch/asciitree-0.3.3-py_2.tar.bz2#c0481c9de49f040272556e2cedf42816
https://conda.anaconda.org/conda-forge/noarch/async-timeout-3.0.1-py_1000.tar.bz2#8b11024b2762a07aaa07d2743231a41b
https://conda.anaconda.org/conda-forge/noarch/async_generator-1.10-py_0.tar.bz2#d56c596e61b1c4952acf0a9920856c12
https://conda.anaconda.org/conda-forge/noarch/attrs-20.2.0-pyh9f0ad1d_0.tar.bz2#72fe75fed07fe89d6ef02034bf1e94a5
https://conda.anaconda.org/conda-forge/noarch/backports-1.0-py_2.tar.bz2#0da16b293affa6ac31812376f8eb79dd
https://conda.anaconda.org/conda-forge/noarch/click-7.1.2-pyh9f0ad1d_0.tar.bz2#bd50a970ce07e660c319fdc4d730d3f1
https://conda.anaconda.org/conda-forge/noarch/cloudpickle-1.6.0-py_0.tar.bz2#76d764d8881719e305f6fa368dc2b65e
https://conda.anaconda.org/conda-forge/osx-64/curl-7.71.1-hcb81553_8.tar.bz2#82d166def6b920c17688f9ec0d766908
https://conda.anaconda.org/conda-forge/noarch/dataclasses-0.7-pyhb2cacf7_7.tar.bz2#3c9869f82e8f246c3f26e91da684597e
https://conda.anaconda.org/conda-forge/noarch/decorator-4.4.2-py_0.tar.bz2#d2eabb9cabd212e1ec6a9463bd846243
https://conda.anaconda.org/conda-forge/noarch/defusedxml-0.6.0-py_0.tar.bz2#37e1033daee0e2edaa5ff42584c52b21
https://conda.anaconda.org/conda-forge/noarch/fastprogress-1.0.0-py_0.tar.bz2#0765c7a36e7ed365cab77858c9fba1b7
https://conda.anaconda.org/conda-forge/noarch/filelock-3.0.12-pyh9f0ad1d_0.tar.bz2#7544ed05bbbe9bb687bc9bcbe4d6cb46
https://conda.anaconda.org/conda-forge/noarch/fsspec-0.8.4-py_0.tar.bz2#9bc8332e90f8a54d38caf488f784bd85
https://conda.anaconda.org/conda-forge/osx-64/hdf5-1.10.6-mpi_mpich_hc67fd14_1010.tar.bz2#024384e39fb58cfdd25e98b110cf026b
https://conda.anaconda.org/conda-forge/noarch/heapdict-1.0.1-py_0.tar.bz2#77242bfb1e74a627fb06319b5a2d3b95
https://conda.anaconda.org/conda-forge/noarch/idna-2.10-pyh9f0ad1d_0.tar.bz2#f95a12b4f435aae6680fe55ae2eb1b06
https://conda.anaconda.org/conda-forge/noarch/iniconfig-1.1.1-pyh9f0ad1d_0.tar.bz2#39161f81cc5e5ca45b8226fbb06c6905
https://conda.anaconda.org/conda-forge/noarch/ipython_genutils-0.2.0-py_1.tar.bz2#5071c982548b3a20caf70462f04f5287
https://conda.anaconda.org/conda-forge/noarch/json5-0.9.5-pyh9f0ad1d_0.tar.bz2#10759827a94e6b14996e81fb002c0bda
https://conda.anaconda.org/conda-forge/osx-64/lcms2-2.11-h174193d_0.tar.bz2#840ff941941c2bde293bfb45076e8c30
https://conda.anaconda.org/conda-forge/osx-64/libblas-3.9.0-2_openblas.tar.bz2#7dac8a2fea6645918807fd62ed799a35
https://conda.anaconda.org/conda-forge/noarch/locket-0.2.0-py_2.tar.bz2#709e8671651c7ec3d1ad07800339ff1d
https://conda.anaconda.org/conda-forge/noarch/monotonic-1.5-py_0.tar.bz2#0cc5fd0140497c3f1e2db2e7493b62b3
https://conda.anaconda.org/conda-forge/noarch/more-itertools-8.5.0-py_0.tar.bz2#3a2fa1ebe4306ae3190b1ed69a55b3fd
https://conda.anaconda.org/conda-forge/noarch/nest-asyncio-1.4.1-py_0.tar.bz2#77f87b25996192b9c98b895acf06c540
https://conda.anaconda.org/conda-forge/noarch/olefile-0.46-pyh9f0ad1d_1.tar.bz2#0b2e68acc8c78c8cc392b90983481f58
https://conda.anaconda.org/conda-forge/noarch/pandocfilters-1.4.2-py_1.tar.bz2#ba6f4a308f1ea22abe1d72e72544af76
https://conda.anaconda.org/conda-forge/noarch/param-1.10.0-py_0.tar.bz2#641dbd5623348d573d67a8bfd43236e0
https://conda.anaconda.org/conda-forge/noarch/pathspec-0.8.0-pyh9f0ad1d_0.tar.bz2#8eeecbb67554f588ba70bea7018bc1c0
https://conda.anaconda.org/conda-forge/noarch/pickleshare-0.7.5-py_1003.tar.bz2#415f0ebb6198cc2801c73438a9fb5761
https://conda.anaconda.org/conda-forge/osx-64/proj-7.1.1-h45baca5_3.tar.bz2#8ce5872273b6c64be6874db4daf1eb9d
https://conda.anaconda.org/conda-forge/noarch/prometheus_client-0.8.0-pyh9f0ad1d_0.tar.bz2#0409863e03d2abb75d9b91b903697ed0
https://conda.anaconda.org/conda-forge/noarch/ptyprocess-0.6.0-py_1001.tar.bz2#0c3a56f1ab48cfb002c69b48f9e1ddc6
https://conda.anaconda.org/conda-forge/noarch/py-1.9.0-pyh9f0ad1d_0.tar.bz2#82beb69c4e05d65702bbde3c63d6ef58
https://conda.anaconda.org/conda-forge/noarch/pycparser-2.20-pyh9f0ad1d_2.tar.bz2#aa798d50ffd182a0f6f31478c7f434f6
https://conda.anaconda.org/conda-forge/noarch/pyparsing-2.4.7-pyh9f0ad1d_0.tar.bz2#626c4f20d5bf06dcec9cf2eaa31725c7
https://conda.anaconda.org/conda-forge/noarch/pyshp-2.1.2-pyh9f0ad1d_0.tar.bz2#3362c351288584f00000c3ce31b5bbdf
https://conda.anaconda.org/conda-forge/osx-64/python_abi-3.7-1_cp37m.tar.bz2#d2cb192f8948ea603927a71f015574dd
https://conda.anaconda.org/conda-forge/noarch/pytz-2020.1-pyh9f0ad1d_0.tar.bz2#e52abc1f0fd70e05001c1ceb2696f625
https://conda.anaconda.org/conda-forge/noarch/send2trash-1.5.0-py_0.tar.bz2#c3779037a635e1150f1c53c28b875949
https://conda.anaconda.org/conda-forge/noarch/simpervisor-0.3-py_1.tar.bz2#fe08b77a681a541161b2b42fbd78d117
https://conda.anaconda.org/conda-forge/noarch/simplegeneric-0.8.1-py_1.tar.bz2#a561caf8601e8d85547c77a54ee99333
https://conda.anaconda.org/conda-forge/noarch/six-1.15.0-pyh9f0ad1d_0.tar.bz2#1eec421f0f1f39e579e44e4a5ce646a2
https://conda.anaconda.org/conda-forge/noarch/sortedcontainers-2.2.2-pyh9f0ad1d_0.tar.bz2#966cf410576873c60089e242b9d2fcc6
https://conda.anaconda.org/conda-forge/noarch/tblib-1.6.0-py_0.tar.bz2#0e1562c39e804e0d7df8650626379caa
https://conda.anaconda.org/conda-forge/noarch/testpath-0.4.4-py_0.tar.bz2#3b98fff4d5342bebde2ecaa314f796f9
https://conda.anaconda.org/conda-forge/noarch/toml-0.10.1-pyh9f0ad1d_0.tar.bz2#ca47d0ef822fd23b7ec9771a36645e5e
https://conda.anaconda.org/conda-forge/noarch/toolz-0.11.1-py_0.tar.bz2#d1e66b58cb00b3817ad9f05eec098c00
https://conda.anaconda.org/conda-forge/noarch/tqdm-4.51.0-pyh9f0ad1d_0.tar.bz2#6addf2dbf38f44da871076fa58f9e815
https://conda.anaconda.org/conda-forge/osx-64/typed-ast-1.4.1-py37h0b31af3_0.tar.bz2#f14e045236f8a03aecc8a90a31eedc38
https://conda.anaconda.org/conda-forge/noarch/typing_extensions-3.7.4.3-py_0.tar.bz2#12b96e382730541a4b332420227055ae
https://conda.anaconda.org/conda-forge/noarch/webencodings-0.5.1-py_1.tar.bz2#3563be4c5611a44210d9ba0c16113136
https://conda.anaconda.org/conda-forge/noarch/wheel-0.35.1-pyh9f0ad1d_0.tar.bz2#126827869be32f21872a2b30ebe2b038
https://conda.anaconda.org/conda-forge/noarch/zipp-3.4.0-py_0.tar.bz2#0df927d2e46244cef8fd75d7ec2ba51c
https://conda.anaconda.org/conda-forge/osx-64/appnope-0.1.0-py37hc8dfbb8_1002.tar.bz2#3a18570c6a278cd35acc62583b4450ee
https://conda.anaconda.org/conda-forge/osx-64/certifi-2020.6.20-py37h2987424_2.tar.bz2#5a0953a7099068a1c8f2970714fb465b
https://conda.anaconda.org/conda-forge/osx-64/cffi-1.14.3-py37h446cb54_1.tar.bz2#c1edd2c92277cdca3c543b74efd2811a
https://conda.anaconda.org/conda-forge/osx-64/chardet-3.0.4-py37h2987424_1008.tar.bz2#cc67a92b9d49d74caf6a71e6c8685141
https://conda.anaconda.org/conda-forge/noarch/cycler-0.10.0-py_2.tar.bz2#f6d7c7e6d8f42cbbec7e07a8d879f91c
https://conda.anaconda.org/conda-forge/osx-64/cytoolz-0.11.0-py37h60d8a13_1.tar.bz2#55d11ee8066e70537a53cc0f80138ef0
https://conda.anaconda.org/conda-forge/noarch/docrep-0.2.7-py_0.tar.bz2#7a8411a58c16dffe32424251e62e3149
https://conda.anaconda.org/conda-forge/osx-64/entrypoints-0.3-py37hc8dfbb8_1002.tar.bz2#a16c8f3b8e001df820983e55ecd063fe
https://conda.anaconda.org/conda-forge/noarch/fasteners-0.14.1-py_3.tar.bz2#8af0bf3cfe806fb001d9923b4fe1594b
https://conda.anaconda.org/conda-forge/osx-64/future-0.18.2-py37hc8dfbb8_2.tar.bz2#984408d3b7c95f6c87ffaff3493234b0
https://conda.anaconda.org/conda-forge/noarch/importlib-metadata-2.0.0-py_1.tar.bz2#9061524478034b761f355a42bd9a7e3d
https://conda.anaconda.org/conda-forge/osx-64/kiwisolver-1.3.0-py37hb449ec0_0.tar.bz2#a57dc69d330f9b55fc629a8fe0f4e5b1
https://conda.anaconda.org/conda-forge/osx-64/libcblas-3.9.0-2_openblas.tar.bz2#b6808afb862c46cea942b1f754148bad
https://conda.anaconda.org/conda-forge/osx-64/liblapack-3.9.0-2_openblas.tar.bz2#a403ba1d34407af4a32d98e4322cc66c
https://conda.anaconda.org/conda-forge/osx-64/libnetcdf-4.7.4-mpi_mpich_hd667724_6.tar.bz2#3daa6a2a5206a313d0e7b0ea5b01428d
https://conda.anaconda.org/conda-forge/osx-64/llvmlite-0.34.0-py37h3986384_2.tar.bz2#5dc153c1fffc11e5f76b63ba1aa9b6bf
https://conda.anaconda.org/conda-forge/osx-64/lxml-4.6.1-py37h091d85b_0.tar.bz2#a71e48baf3b93718d6f861bc33870b10
https://conda.anaconda.org/conda-forge/osx-64/markupsafe-1.1.1-py37h395d20d_2.tar.bz2#c1a1e424c418d2a2c599951b3c33f77c
https://conda.anaconda.org/conda-forge/osx-64/mistune-0.8.4-py37h60d8a13_1002.tar.bz2#1f617174bfbec3df7132821c50587760
https://conda.anaconda.org/conda-forge/osx-64/mpi4py-3.0.3-py37h518adf5_2.tar.bz2#625283a735e11e9c81465efcf0f7bf01
https://conda.anaconda.org/conda-forge/osx-64/msgpack-python-1.0.0-py37hb449ec0_2.tar.bz2#1ef41f3ab487876d14c6a09a5d1caa02
https://conda.anaconda.org/conda-forge/osx-64/multidict-4.7.5-py37h60d8a13_2.tar.bz2#0f5e1c0a1f5d5dd3fb0cacc6fac7f423
https://conda.anaconda.org/conda-forge/osx-64/mypy_extensions-0.4.3-py37hc8dfbb8_2.tar.bz2#18a2f6588eb46ef3850e10825f2aaba0
https://conda.anaconda.org/conda-forge/noarch/packaging-20.4-pyh9f0ad1d_0.tar.bz2#6d160f7346ac815500b5475d9a0f88a9
https://conda.anaconda.org/conda-forge/noarch/partd-1.1.0-py_0.tar.bz2#4afbf2cdf4e6ad279080d3adb5cefaae
https://conda.anaconda.org/conda-forge/noarch/pexpect-4.8.0-pyh9f0ad1d_2.tar.bz2#5909e7b978141dd80d28dbf9de627827
https://conda.anaconda.org/conda-forge/osx-64/pillow-8.0.1-py37hf860fee_0.tar.bz2#852f45f68eb12e880ac7b494940a5df4
https://conda.anaconda.org/conda-forge/osx-64/psutil-5.7.3-py37h395d20d_0.tar.bz2#a5b664a1fa9e74b38f94150d2689670d
https://conda.anaconda.org/conda-forge/noarch/pyct-core-0.4.6-py_0.tar.bz2#55ec526f95e0959de3f68bc6289a20da
https://conda.anaconda.org/conda-forge/osx-64/pyproj-2.6.1.post1-py37hee79b95_3.tar.bz2#8766a71761b3fdecd387df6fb685b008
https://conda.anaconda.org/conda-forge/osx-64/pyrsistent-0.17.3-py37h60d8a13_1.tar.bz2#5defd0d8f84ac7e47243b12efef128d3
https://conda.anaconda.org/conda-forge/osx-64/pysocks-1.7.1-py37h2987424_2.tar.bz2#23629f60986dc6f2125f32d26a0055e4
https://conda.anaconda.org/conda-forge/noarch/python-dateutil-2.8.1-py_0.tar.bz2#0d0150ed9c2d25817f5324108d3f7571
https://conda.anaconda.org/conda-forge/noarch/pyviz_comms-0.7.6-pyh9f0ad1d_0.tar.bz2#16fc2f91123d2b040c4e101ec47c8660
https://conda.anaconda.org/conda-forge/osx-64/pyyaml-5.3.1-py37h395d20d_1.tar.bz2#25dbf137d014d016d692de2c2f027250
https://conda.anaconda.org/conda-forge/osx-64/pyzmq-19.0.2-py37hf1e22d8_2.tar.bz2#bae1b1c3160cc1d0c0fe31441df84f56
https://conda.anaconda.org/conda-forge/osx-64/regex-2020.10.23-py37h60d8a13_0.tar.bz2#767ffaf6e50eac98133cd522bfaf5147
https://conda.anaconda.org/conda-forge/osx-64/tornado-6.0.4-py37h60d8a13_2.tar.bz2#840e3934eb3f0587c01a4c5e9d97d1e9
https://conda.anaconda.org/conda-forge/noarch/traitlets-5.0.5-py_0.tar.bz2#99618ee9ab1323e40f231acdab92fe60
https://conda.anaconda.org/conda-forge/noarch/typing-extensions-3.7.4.3-0.tar.bz2#36bdcdb4c2bf1efb987f2e9e80f4c9a6
https://conda.anaconda.org/conda-forge/noarch/zict-2.0.0-py_0.tar.bz2#4750152be22f24d695b3004c5e1712d3
https://conda.anaconda.org/conda-forge/osx-64/argon2-cffi-20.1.0-py37h60d8a13_2.tar.bz2#596fc8a5b1009c0cae2cff3953f40685
https://conda.anaconda.org/conda-forge/noarch/black-20.8b1-py_1.tar.bz2#e555d6b71ec916c3dc4e6e3793cc9796
https://conda.anaconda.org/conda-forge/osx-64/brotlipy-0.7.0-py37h395d20d_1001.tar.bz2#1407a480e4f9e14dc56546dc9263bdd2
https://conda.anaconda.org/conda-forge/osx-64/cryptography-3.2-py37h55b06a8_0.tar.bz2#d20f5caded4c53df6e3a91e6ccc314b4
https://conda.anaconda.org/conda-forge/noarch/dask-core-2.30.0-py_0.tar.bz2#64d3972a069d9885b2fbfb2485934c30
https://conda.anaconda.org/conda-forge/noarch/importlib_metadata-2.0.0-1.tar.bz2#1e40de9b76f9eb789d302de58bfe7674
https://conda.anaconda.org/conda-forge/osx-64/jupyter_core-4.6.3-py37hc8dfbb8_2.tar.bz2#6aa2b12579a6d5e44c78b906944b37f5
https://conda.anaconda.org/conda-forge/noarch/markdown-3.3.3-pyh9f0ad1d_0.tar.bz2#59bb2a2c29091c3a243701e26f6f1f5e
https://conda.anaconda.org/conda-forge/osx-64/netcdf-fortran-4.5.3-mpi_mpich_h7f55214_1.tar.bz2#611b92e30ea4ab84ea3e197ebb29c80a
https://conda.anaconda.org/conda-forge/osx-64/numpy-1.19.2-py37h91c9966_1.tar.bz2#8192d1d6156117fbc6c237168fcb6dee
https://conda.anaconda.org/conda-forge/osx-64/setuptools-49.6.0-py37h2987424_2.tar.bz2#3d0ef7d49d82130fc8374190238dc989
https://conda.anaconda.org/conda-forge/osx-64/terminado-0.9.1-py37hc8dfbb8_1.tar.bz2#ef1fa68a10148dd4987381a238433eb8
https://conda.anaconda.org/conda-forge/osx-64/yarl-1.6.2-py37h60d8a13_0.tar.bz2#6964d74388874db97f61b85082b8f448
https://conda.anaconda.org/conda-forge/osx-64/aiohttp-3.7.2-py37h60d8a13_0.tar.bz2#5d8ca1924d3d49931d858314f1ce3335
https://conda.anaconda.org/conda-forge/noarch/backports.functools_lru_cache-1.6.1-py_0.tar.bz2#d36df15eaef96549ce6231e3088fba54
https://conda.anaconda.org/conda-forge/noarch/bleach-3.2.1-pyh9f0ad1d_0.tar.bz2#d4506316b85679972c0b78d4d1c0b701
https://conda.anaconda.org/conda-forge/osx-64/bottleneck-1.3.2-py37h57c32b8_2.tar.bz2#6ab2e72fae692cf5999fd6274c21dd79
https://conda.anaconda.org/conda-forge/osx-64/cftime-1.2.1-py37h57c32b8_1.tar.bz2#44e8f911537799bc942723bbf16e5a55
https://conda.anaconda.org/conda-forge/noarch/colorspacious-1.1.2-pyh24bf2e0_0.tar.bz2#b73afa0d009a51cabd3ec99c4d2ef4f3
https://conda.anaconda.org/conda-forge/osx-64/distributed-2.30.0-py37hc8dfbb8_1.tar.bz2#c701e901cc42b9db82e2d2ed7de5a162
https://conda.anaconda.org/conda-forge/noarch/eofs-1.4.0-py_0.tar.bz2#6e166cd37cfeadefcfca1ffe00f222bb
https://conda.anaconda.org/conda-forge/osx-64/esmf-8.0.1-mpi_mpich_h24649d7_101.tar.bz2#014033ef98f3cb203217f686dd8b308c
https://conda.anaconda.org/conda-forge/osx-64/importlib_resources-3.2.1-py37hc8dfbb8_0.tar.bz2#d031890bcd38d7885905fae5cefd7a15
https://conda.anaconda.org/conda-forge/noarch/jinja2-2.11.2-pyh9f0ad1d_0.tar.bz2#e8a5d614d1a27bdba00059ca062a0551
https://conda.anaconda.org/conda-forge/noarch/jsonschema-3.2.0-py_2.tar.bz2#a17aa962de6145d08e1008cb37c20161
https://conda.anaconda.org/conda-forge/noarch/jupyter_client-6.1.7-py_0.tar.bz2#bcaa486602c05413da0808b82898f60a
https://conda.anaconda.org/conda-forge/osx-64/matplotlib-base-3.3.2-py37h14374fa_1.tar.bz2#2611cf60f56c122d410bacb2ce58bc26
https://conda.anaconda.org/conda-forge/osx-64/numba-0.51.2-py37h6d0141a_0.tar.bz2#3a1b2b21fb0a5104555907e93190a4f3
https://conda.anaconda.org/conda-forge/osx-64/numcodecs-0.7.2-py37hdadc0f0_1.tar.bz2#749654a4176e48898b0aab07fe71b770
https://conda.anaconda.org/conda-forge/osx-64/pandas-1.1.3-py37hb8f7068_2.tar.bz2#b6030293ecc878ee32aedf691b328170
https://conda.anaconda.org/conda-forge/noarch/pip-20.2.4-py_0.tar.bz2#d2c0e7b7ca15440dc445e725f1e79ccf
https://conda.anaconda.org/conda-forge/osx-64/pluggy-0.13.1-py37h2987424_3.tar.bz2#f97da93f78c9c47348a9f21631f996c5
https://conda.anaconda.org/conda-forge/noarch/pygments-2.7.2-py_0.tar.bz2#ed1bdce2d0c4353ad0bc22310e271723
https://conda.anaconda.org/conda-forge/noarch/pyopenssl-19.1.0-py_1.tar.bz2#ef3d970a6de9bc902d233e59f746b7cd
https://conda.anaconda.org/conda-forge/osx-64/scipy-1.5.2-py37hb971cc3_2.tar.bz2#7a66d1c6c2f5f13f939e36a26fb47a7c
https://conda.anaconda.org/conda-forge/noarch/seawater-3.3.4-py_1.tar.bz2#a9e101e1601faf5e5a119ab2bd7617a4
https://conda.anaconda.org/conda-forge/osx-64/shapely-1.7.1-py37h40e7c26_1.tar.bz2#64ac6257a7fe5a87a669505dfb2e1883
https://conda.anaconda.org/conda-forge/osx-64/bokeh-2.2.3-py37hc8dfbb8_0.tar.bz2#b23d8b32ebd869d9b623964b123f013a
https://conda.anaconda.org/conda-forge/osx-64/cartopy-0.18.0-py37h1a0da37_4.tar.bz2#5761a633b27a8d4958d5992fb9451014
https://conda.anaconda.org/conda-forge/osx-64/cf_units-2.0.1-py37h917ab60_1002.tar.bz2#fe60e812a964fe55657fb9b5eeb42520
https://conda.anaconda.org/conda-forge/noarch/cmocean-2.0-py_3.tar.bz2#10f08c3aa77dc4080ebc1c03cb542f70
https://conda.anaconda.org/conda-forge/noarch/dask-jobqueue-0.7.1-py_0.tar.bz2#157ae83b26ba34fc1437d14c039cb832
https://conda.anaconda.org/conda-forge/osx-64/dask-mpi-2.21.0-py37h47761d7_1.tar.bz2#5e8cca3bed9e61201fbb547054f12170
https://conda.anaconda.org/conda-forge/osx-64/esmpy-8.0.1-mpi_mpich_py37ha4619bd_102.tar.bz2#b6de049b11a6b3beac8070a8a6b631cd
https://conda.anaconda.org/conda-forge/noarch/jupyterlab_pygments-0.1.2-pyh9f0ad1d_0.tar.bz2#2cbd910890bb328e8959246a1e16fac7
https://conda.anaconda.org/conda-forge/osx-64/matplotlib-3.3.2-py37hc8dfbb8_1.tar.bz2#088550b753b63db0be894884cb5a38c7
https://conda.anaconda.org/conda-forge/noarch/nbformat-5.0.8-py_0.tar.bz2#12aaf0d8795a5c375757b49a08e011a2
https://conda.anaconda.org/conda-forge/noarch/nc-time-axis-1.2.0-py_1.tar.bz2#f3158a5d335f0f44f09cf05d3fb4107e
https://conda.anaconda.org/conda-forge/osx-64/netcdf4-1.5.4-nompi_py37h08081e3_103.tar.bz2#0609d214e29dce80e6355506e18a3917
https://conda.anaconda.org/conda-forge/noarch/patsy-0.5.1-py_0.tar.bz2#d971df2dcd1a453daabecec0ef76e88a
https://conda.anaconda.org/conda-forge/noarch/pint-0.16.1-py_0.tar.bz2#3a147e648229168687fa22d309faa6fb
https://conda.anaconda.org/conda-forge/osx-64/pytest-6.1.1-py37h2987424_1.tar.bz2#e6971c7a6cef701dbe1aabb2f8dc6a70
https://conda.anaconda.org/conda-forge/noarch/seaborn-base-0.11.0-py_0.tar.bz2#49d2e870eeae76ba1e0adde82cb17174
https://conda.anaconda.org/conda-forge/noarch/urllib3-1.25.11-py_0.tar.bz2#4ce0599839b2b4418befe201e5f072fc
https://conda.anaconda.org/conda-forge/noarch/wcwidth-0.2.5-pyh9f0ad1d_2.tar.bz2#5266fcd697043c59621fda522b3d78ee
https://conda.anaconda.org/conda-forge/noarch/xarray-0.16.1-py_0.tar.bz2#5213ecafde4951d426a9284f6c33c698
https://conda.anaconda.org/conda-forge/noarch/zarr-2.5.0-py_0.tar.bz2#d9a8a27a7bee163880eb2f9b81ac0c44
https://conda.anaconda.org/conda-forge/noarch/dask-2.30.0-py_0.tar.bz2#4c8b8bec2dfac1beec0159c1979d6666
https://conda.anaconda.org/conda-forge/noarch/nbclient-0.5.1-py_0.tar.bz2#4efba375c50e6668cb5778e36d1f3a7e
https://conda.anaconda.org/conda-forge/noarch/prompt_toolkit-1.0.15-py_1.tar.bz2#f5bea0930b268df84653cb32c8d1542f
https://conda.anaconda.org/conda-forge/noarch/requests-2.24.0-pyh9f0ad1d_0.tar.bz2#786ef230ca5cf2536e9dee910fdf4f9f
https://conda.anaconda.org/conda-forge/osx-64/statsmodels-0.12.0-py37h57c32b8_1.tar.bz2#1be51eec6cb03a6262d579319be69821
https://conda.anaconda.org/conda-forge/noarch/xesmf-0.3.0-py_0.tar.bz2#467fce81308d531483e8b8206d8f9f67
https://conda.anaconda.org/conda-forge/noarch/ensureconda-1.2.1-py_0.tar.bz2#5a9e2f51daccf6b445e4d2df345033c4
https://conda.anaconda.org/conda-forge/noarch/intake-0.6.0-py_0.tar.bz2#1043778f4cd11dda4e7df45edfd12154
https://conda.anaconda.org/conda-forge/osx-64/ipython-5.8.0-py37_1.tar.bz2#b1d8b5b8b8376bcf889e096e2599bd08
https://conda.anaconda.org/conda-forge/osx-64/nbconvert-6.0.7-py37hc8dfbb8_2.tar.bz2#f299c0249821794315a95c5c0dad48aa
https://conda.anaconda.org/conda-forge/noarch/pooch-1.2.0-py_0.tar.bz2#bcd9403c19cf7c8b8b0874856aa8fa38
https://conda.anaconda.org/conda-forge/noarch/pyct-0.4.6-py_0.tar.bz2#42d91c89bc3993ec88681cffd3c0e326
https://conda.anaconda.org/conda-forge/osx-64/seaborn-0.11.0-0.tar.bz2#8fbac1ac103b51afd0a6ac81eb5afb76
https://conda.anaconda.org/conda-forge/noarch/xgcm-0.5.1-py_0.tar.bz2#935f4608a93c5bf80d9c33810ef40aa0
https://conda.anaconda.org/conda-forge/noarch/xhistogram-0.1.1-py_0.tar.bz2#014c84ba10debba421f42ac55006bab8
https://conda.anaconda.org/conda-forge/noarch/xrft-0.2.2-pyh9f0ad1d_0.tar.bz2#8aecf1d99b3335aecd6eb6b8e7169da1
https://conda.anaconda.org/conda-forge/noarch/conda-lock-0.7.2-py_0.tar.bz2#da44fc6dc40fb329b7397bf0494b1411
https://conda.anaconda.org/conda-forge/noarch/intake-esm-2020.8.15-py_0.tar.bz2#f885b9357a5428d1ef0d1129b30ac030
https://conda.anaconda.org/conda-forge/osx-64/ipykernel-5.3.4-py37hc6149b9_1.tar.bz2#a3c88c1cb5ccc1a50e241e85a5002c10
https://conda.anaconda.org/conda-forge/noarch/metpy-0.12.2-py_0.tar.bz2#21aab048b1bd2be3bab1012465b7b96d
https://conda.anaconda.org/conda-forge/noarch/panel-0.10.0-py_0.tar.bz2#75b25f0347a90e54b243391bc22898a3
https://conda.anaconda.org/conda-forge/noarch/pop-tools-2020.9.14-py_0.tar.bz2#ec77319b08716ee5a313abc3c08c1631
https://conda.anaconda.org/conda-forge/noarch/watermark-2.0.2-py_0.tar.bz2#7ad4aebfdd47d931d7f987266abca97b
https://conda.anaconda.org/conda-forge/osx-64/notebook-6.1.4-py37hc8dfbb8_1.tar.bz2#5508ae9469c5316e6f0cf36ab81cfb4b
https://conda.anaconda.org/conda-forge/noarch/holoviews-1.13.5-pyh9f0ad1d_0.tar.bz2#1167a52eb5ddc11c4be940e83541583a
https://conda.anaconda.org/conda-forge/noarch/jupyter-server-proxy-1.5.0-py_0.tar.bz2#a268439d8b60aac7c506dd170fa48f88
https://conda.anaconda.org/conda-forge/noarch/jupyter_contrib_core-0.3.3-py_2.tar.bz2#4704781b0a914d67e4ae8e9f9f5c37a0
https://conda.anaconda.org/conda-forge/noarch/jupyterlab_server-1.2.0-py_0.tar.bz2#77d654573f19a836b326fb77ffd86860
https://conda.anaconda.org/conda-forge/osx-64/jupyter_highlight_selected_word-0.2.0-py37hc8dfbb8_1002.tar.bz2#3bd808748b177e6f8e21d36839ba84a4
https://conda.anaconda.org/conda-forge/osx-64/jupyter_latex_envs-1.4.6-py37hc8dfbb8_1001.tar.bz2#e5a9e4758bb43b6175ab38c211a8140a
https://conda.anaconda.org/conda-forge/osx-64/jupyter_nbextensions_configurator-0.4.1-py37hc8dfbb8_2.tar.bz2#dda08452b0e52d749dad187a37e661b5
https://conda.anaconda.org/conda-forge/noarch/jupyterlab-2.2.9-py_0.tar.bz2#df79e7a98be406acd32606d5bf7f8f52
https://conda.anaconda.org/conda-forge/osx-64/jupyter_contrib_nbextensions-0.5.1-py37hc8dfbb8_1.tar.bz2#f0e8fb1225cbb852d5b8790ae9240d8f
